// !$*UTF8*$!
{
	archiveVersion = 1;
	classes = {
	};
	objectVersion = 55;
	objects = {

/* Begin PBXBuildFile section */
		082C372C27D89FBF0051A155 /* AppDelegate.swift in Sources */ = {isa = PBXBuildFile; fileRef = 082C372B27D89FBF0051A155 /* AppDelegate.swift */; };
		082C372E27D89FBF0051A155 /* SceneDelegate.swift in Sources */ = {isa = PBXBuildFile; fileRef = 082C372D27D89FBF0051A155 /* SceneDelegate.swift */; };
		082C373027D89FBF0051A155 /* ViewController.swift in Sources */ = {isa = PBXBuildFile; fileRef = 082C372F27D89FBF0051A155 /* ViewController.swift */; };
		082C373327D89FBF0051A155 /* Main.storyboard in Resources */ = {isa = PBXBuildFile; fileRef = 082C373127D89FBF0051A155 /* Main.storyboard */; };
		082C373827D89FC00051A155 /* LaunchScreen.storyboard in Resources */ = {isa = PBXBuildFile; fileRef = 082C373627D89FC00051A155 /* LaunchScreen.storyboard */; };
		082C374027D8A0360051A155 /* Colors.swift in Sources */ = {isa = PBXBuildFile; fileRef = 082C373F27D8A0360051A155 /* Colors.swift */; };
		082C374227D8BA520051A155 /* landmarkData.json in Resources */ = {isa = PBXBuildFile; fileRef = 082C374127D8BA520051A155 /* landmarkData.json */; };
		082C374427D8BA700051A155 /* Assets.xcassets in Resources */ = {isa = PBXBuildFile; fileRef = 082C374327D8BA700051A155 /* Assets.xcassets */; };
		082C374627D8BBDC0051A155 /* Landmark.swift in Sources */ = {isa = PBXBuildFile; fileRef = 082C374527D8BBDC0051A155 /* Landmark.swift */; };
		082C374A27D8DC880051A155 /* LandmarkCollectionViewCell.swift in Sources */ = {isa = PBXBuildFile; fileRef = 082C374927D8DC870051A155 /* LandmarkCollectionViewCell.swift */; };
		082C374C27D8F0990051A155 /* CatLandmarkCollectionViewCell.swift in Sources */ = {isa = PBXBuildFile; fileRef = 082C374B27D8F0990051A155 /* CatLandmarkCollectionViewCell.swift */; };
		082C374E27D909250051A155 /* PlaceDetailsViewController.swift in Sources */ = {isa = PBXBuildFile; fileRef = 082C374D27D909250051A155 /* PlaceDetailsViewController.swift */; };
		0899CA2B27E1D8B0001F8D38 /* SectionHeaderView.swift in Sources */ = {isa = PBXBuildFile; fileRef = 0899CA2A27E1D8B0001F8D38 /* SectionHeaderView.swift */; };
/* End PBXBuildFile section */

/* Begin PBXFileReference section */
		082C372827D89FBF0051A155 /* CollectionView.app */ = {isa = PBXFileReference; explicitFileType = wrapper.application; includeInIndex = 0; path = CollectionView.app; sourceTree = BUILT_PRODUCTS_DIR; };
		082C372B27D89FBF0051A155 /* AppDelegate.swift */ = {isa = PBXFileReference; lastKnownFileType = sourcecode.swift; path = AppDelegate.swift; sourceTree = "<group>"; };
		082C372D27D89FBF0051A155 /* SceneDelegate.swift */ = {isa = PBXFileReference; lastKnownFileType = sourcecode.swift; path = SceneDelegate.swift; sourceTree = "<group>"; };
		082C372F27D89FBF0051A155 /* ViewController.swift */ = {isa = PBXFileReference; lastKnownFileType = sourcecode.swift; path = ViewController.swift; sourceTree = "<group>"; };
		082C373227D89FBF0051A155 /* Base */ = {isa = PBXFileReference; lastKnownFileType = file.storyboard; name = Base; path = Base.lproj/Main.storyboard; sourceTree = "<group>"; };
		082C373727D89FC00051A155 /* Base */ = {isa = PBXFileReference; lastKnownFileType = file.storyboard; name = Base; path = Base.lproj/LaunchScreen.storyboard; sourceTree = "<group>"; };
		082C373927D89FC00051A155 /* Info.plist */ = {isa = PBXFileReference; lastKnownFileType = text.plist.xml; path = Info.plist; sourceTree = "<group>"; };
		082C373F27D8A0360051A155 /* Colors.swift */ = {isa = PBXFileReference; lastKnownFileType = sourcecode.swift; path = Colors.swift; sourceTree = "<group>"; };
		082C374127D8BA520051A155 /* landmarkData.json */ = {isa = PBXFileReference; fileEncoding = 4; lastKnownFileType = text.json; path = landmarkData.json; sourceTree = "<group>"; };
		082C374327D8BA700051A155 /* Assets.xcassets */ = {isa = PBXFileReference; lastKnownFileType = folder.assetcatalog; name = Assets.xcassets; path = ../../Mock_iOS_Avance/Assets.xcassets; sourceTree = "<group>"; };
		082C374527D8BBDC0051A155 /* Landmark.swift */ = {isa = PBXFileReference; lastKnownFileType = sourcecode.swift; path = Landmark.swift; sourceTree = "<group>"; };
		082C374927D8DC870051A155 /* LandmarkCollectionViewCell.swift */ = {isa = PBXFileReference; lastKnownFileType = sourcecode.swift; path = LandmarkCollectionViewCell.swift; sourceTree = "<group>"; };
		082C374B27D8F0990051A155 /* CatLandmarkCollectionViewCell.swift */ = {isa = PBXFileReference; lastKnownFileType = sourcecode.swift; path = CatLandmarkCollectionViewCell.swift; sourceTree = "<group>"; };
		082C374D27D909250051A155 /* PlaceDetailsViewController.swift */ = {isa = PBXFileReference; lastKnownFileType = sourcecode.swift; path = PlaceDetailsViewController.swift; sourceTree = "<group>"; };
		0899CA2A27E1D8B0001F8D38 /* SectionHeaderView.swift */ = {isa = PBXFileReference; lastKnownFileType = sourcecode.swift; path = SectionHeaderView.swift; sourceTree = "<group>"; };
/* End PBXFileReference section */

/* Begin PBXFrameworksBuildPhase section */
		082C372527D89FBF0051A155 /* Frameworks */ = {
			isa = PBXFrameworksBuildPhase;
			buildActionMask = 2147483647;
			files = (
			);
			runOnlyForDeploymentPostprocessing = 0;
		};
/* End PBXFrameworksBuildPhase section */

/* Begin PBXGroup section */
		082C371F27D89FBF0051A155 = {
			isa = PBXGroup;
			children = (
				082C372A27D89FBF0051A155 /* CollectionView */,
				082C372927D89FBF0051A155 /* Products */,
			);
			sourceTree = "<group>";
		};
		082C372927D89FBF0051A155 /* Products */ = {
			isa = PBXGroup;
			children = (
				082C372827D89FBF0051A155 /* CollectionView.app */,
			);
			name = Products;
			sourceTree = "<group>";
		};
		082C372A27D89FBF0051A155 /* CollectionView */ = {
			isa = PBXGroup;
			children = (
				082C372B27D89FBF0051A155 /* AppDelegate.swift */,
				082C372D27D89FBF0051A155 /* SceneDelegate.swift */,
				082C372F27D89FBF0051A155 /* ViewController.swift */,
				082C373127D89FBF0051A155 /* Main.storyboard */,
				082C373627D89FC00051A155 /* LaunchScreen.storyboard */,
				082C373927D89FC00051A155 /* Info.plist */,
				082C373F27D8A0360051A155 /* Colors.swift */,
				082C374127D8BA520051A155 /* landmarkData.json */,
				082C374327D8BA700051A155 /* Assets.xcassets */,
				082C374527D8BBDC0051A155 /* Landmark.swift */,
				082C374927D8DC870051A155 /* LandmarkCollectionViewCell.swift */,
				082C374B27D8F0990051A155 /* CatLandmarkCollectionViewCell.swift */,
				082C374D27D909250051A155 /* PlaceDetailsViewController.swift */,
				0899CA2A27E1D8B0001F8D38 /* SectionHeaderView.swift */,
			);
			path = CollectionView;
			sourceTree = "<group>";
		};
/* End PBXGroup section */

/* Begin PBXNativeTarget section */
		082C372727D89FBF0051A155 /* CollectionView */ = {
			isa = PBXNativeTarget;
			buildConfigurationList = 082C373C27D89FC00051A155 /* Build configuration list for PBXNativeTarget "CollectionView" */;
			buildPhases = (
				082C372427D89FBF0051A155 /* Sources */,
				082C372527D89FBF0051A155 /* Frameworks */,
				082C372627D89FBF0051A155 /* Resources */,
			);
			buildRules = (
			);
			dependencies = (
			);
			name = CollectionView;
			productName = CollectionView;
			productReference = 082C372827D89FBF0051A155 /* CollectionView.app */;
			productType = "com.apple.product-type.application";
		};
/* End PBXNativeTarget section */

/* Begin PBXProject section */
		082C372027D89FBF0051A155 /* Project object */ = {
			isa = PBXProject;
			attributes = {
				BuildIndependentTargetsInParallel = 1;
				LastSwiftUpdateCheck = 1320;
				LastUpgradeCheck = 1320;
				TargetAttributes = {
					082C372727D89FBF0051A155 = {
						CreatedOnToolsVersion = 13.2.1;
					};
				};
			};
			buildConfigurationList = 082C372327D89FBF0051A155 /* Build configuration list for PBXProject "CollectionView" */;
			compatibilityVersion = "Xcode 13.0";
			developmentRegion = en;
			hasScannedForEncodings = 0;
			knownRegions = (
				en,
				Base,
			);
			mainGroup = 082C371F27D89FBF0051A155;
			productRefGroup = 082C372927D89FBF0051A155 /* Products */;
			projectDirPath = "";
			projectRoot = "";
			targets = (
				082C372727D89FBF0051A155 /* CollectionView */,
			);
		};
/* End PBXProject section */

/* Begin PBXResourcesBuildPhase section */
		082C372627D89FBF0051A155 /* Resources */ = {
			isa = PBXResourcesBuildPhase;
			buildActionMask = 2147483647;
			files = (
				082C373827D89FC00051A155 /* LaunchScreen.storyboard in Resources */,
				082C374227D8BA520051A155 /* landmarkData.json in Resources */,
				082C373327D89FBF0051A155 /* Main.storyboard in Resources */,
				082C374427D8BA700051A155 /* Assets.xcassets in Resources */,
			);
			runOnlyForDeploymentPostprocessing = 0;
		};
/* End PBXResourcesBuildPhase section */

/* Begin PBXSourcesBuildPhase section */
		082C372427D89FBF0051A155 /* Sources */ = {
			isa = PBXSourcesBuildPhase;
			buildActionMask = 2147483647;
			files = (
				082C374A27D8DC880051A155 /* LandmarkCollectionViewCell.swift in Sources */,
				082C373027D89FBF0051A155 /* ViewController.swift in Sources */,
				082C374E27D909250051A155 /* PlaceDetailsViewController.swift in Sources */,
				082C374027D8A0360051A155 /* Colors.swift in Sources */,
				0899CA2B27E1D8B0001F8D38 /* SectionHeaderView.swift in Sources */,
				082C372C27D89FBF0051A155 /* AppDelegate.swift in Sources */,
				082C372E27D89FBF0051A155 /* SceneDelegate.swift in Sources */,
				082C374627D8BBDC0051A155 /* Landmark.swift in Sources */,
				082C374C27D8F0990051A155 /* CatLandmarkCollectionViewCell.swift in Sources */,
			);
			runOnlyForDeploymentPostprocessing = 0;
		};
/* End PBXSourcesBuildPhase section */

/* Begin PBXVariantGroup section */
		082C373127D89FBF0051A155 /* Main.storyboard */ = {
			isa = PBXVariantGroup;
			children = (
				082C373227D89FBF0051A155 /* Base */,
			);
			name = Main.storyboard;
			sourceTree = "<group>";
		};
		082C373627D89FC00051A155 /* LaunchScreen.storyboard */ = {
			isa = PBXVariantGroup;
			children = (
				082C373727D89FC00051A155 /* Base */,
			);
			name = LaunchScreen.storyboard;
			sourceTree = "<group>";
		};
/* End PBXVariantGroup section */

/* Begin XCBuildConfiguration section */
		082C373A27D89FC00051A155 /* Debug */ = {
			isa = XCBuildConfiguration;
			buildSettings = {
				ALWAYS_SEARCH_USER_PATHS = NO;
				CLANG_ANALYZER_NONNULL = YES;
				CLANG_ANALYZER_NUMBER_OBJECT_CONVERSION = YES_AGGRESSIVE;
				CLANG_CXX_LANGUAGE_STANDARD = "gnu++17";
				CLANG_CXX_LIBRARY = "libc++";
				CLANG_ENABLE_MODULES = YES;
				CLANG_ENABLE_OBJC_ARC = YES;
				CLANG_ENABLE_OBJC_WEAK = YES;
				CLANG_WARN_BLOCK_CAPTURE_AUTORELEASING = YES;
				CLANG_WARN_BOOL_CONVERSION = YES;
				CLANG_WARN_COMMA = YES;
				CLANG_WARN_CONSTANT_CONVERSION = YES;
				CLANG_WARN_DEPRECATED_OBJC_IMPLEMENTATIONS = YES;
				CLANG_WARN_DIRECT_OBJC_ISA_USAGE = YES_ERROR;
				CLANG_WARN_DOCUMENTATION_COMMENTS = YES;
				CLANG_WARN_EMPTY_BODY = YES;
				CLANG_WARN_ENUM_CONVERSION = YES;
				CLANG_WARN_INFINITE_RECURSION = YES;
				CLANG_WARN_INT_CONVERSION = YES;
				CLANG_WARN_NON_LITERAL_NULL_CONVERSION = YES;
				CLANG_WARN_OBJC_IMPLICIT_RETAIN_SELF = YES;
				CLANG_WARN_OBJC_LITERAL_CONVERSION = YES;
				CLANG_WARN_OBJC_ROOT_CLASS = YES_ERROR;
				CLANG_WARN_QUOTED_INCLUDE_IN_FRAMEWORK_HEADER = YES;
				CLANG_WARN_RANGE_LOOP_ANALYSIS = YES;
				CLANG_WARN_STRICT_PROTOTYPES = YES;
				CLANG_WARN_SUSPICIOUS_MOVE = YES;
				CLANG_WARN_UNGUARDED_AVAILABILITY = YES_AGGRESSIVE;
				CLANG_WARN_UNREACHABLE_CODE = YES;
				CLANG_WARN__DUPLICATE_METHOD_MATCH = YES;
				COPY_PHASE_STRIP = NO;
				DEBUG_INFORMATION_FORMAT = dwarf;
				ENABLE_STRICT_OBJC_MSGSEND = YES;
				ENABLE_TESTABILITY = YES;
				GCC_C_LANGUAGE_STANDARD = gnu11;
				GCC_DYNAMIC_NO_PIC = NO;
				GCC_NO_COMMON_BLOCKS = YES;
				GCC_OPTIMIZATION_LEVEL = 0;
				GCC_PREPROCESSOR_DEFINITIONS = (
					"DEBUG=1",
					"$(inherited)",
				);
				GCC_WARN_64_TO_32_BIT_CONVERSION = YES;
				GCC_WARN_ABOUT_RETURN_TYPE = YES_ERROR;
				GCC_WARN_UNDECLARED_SELECTOR = YES;
				GCC_WARN_UNINITIALIZED_AUTOS = YES_AGGRESSIVE;
				GCC_WARN_UNUSED_FUNCTION = YES;
				GCC_WARN_UNUSED_VARIABLE = YES;
				IPHONEOS_DEPLOYMENT_TARGET = 15.2;
				MTL_ENABLE_DEBUG_INFO = INCLUDE_SOURCE;
				MTL_FAST_MATH = YES;
				ONLY_ACTIVE_ARCH = YES;
				SDKROOT = iphoneos;
				SWIFT_ACTIVE_COMPILATION_CONDITIONS = DEBUG;
				SWIFT_OPTIMIZATION_LEVEL = "-Onone";
			};
			name = Debug;
		};
		082C373B27D89FC00051A155 /* Release */ = {
			isa = XCBuildConfiguration;
			buildSettings = {
				ALWAYS_SEARCH_USER_PATHS = NO;
				CLANG_ANALYZER_NONNULL = YES;
				CLANG_ANALYZER_NUMBER_OBJECT_CONVERSION = YES_AGGRESSIVE;
				CLANG_CXX_LANGUAGE_STANDARD = "gnu++17";
				CLANG_CXX_LIBRARY = "libc++";
				CLANG_ENABLE_MODULES = YES;
				CLANG_ENABLE_OBJC_ARC = YES;
				CLANG_ENABLE_OBJC_WEAK = YES;
				CLANG_WARN_BLOCK_CAPTURE_AUTORELEASING = YES;
				CLANG_WARN_BOOL_CONVERSION = YES;
				CLANG_WARN_COMMA = YES;
				CLANG_WARN_CONSTANT_CONVERSION = YES;
				CLANG_WARN_DEPRECATED_OBJC_IMPLEMENTATIONS = YES;
				CLANG_WARN_DIRECT_OBJC_ISA_USAGE = YES_ERROR;
				CLANG_WARN_DOCUMENTATION_COMMENTS = YES;
				CLANG_WARN_EMPTY_BODY = YES;
				CLANG_WARN_ENUM_CONVERSION = YES;
				CLANG_WARN_INFINITE_RECURSION = YES;
				CLANG_WARN_INT_CONVERSION = YES;
				CLANG_WARN_NON_LITERAL_NULL_CONVERSION = YES;
				CLANG_WARN_OBJC_IMPLICIT_RETAIN_SELF = YES;
				CLANG_WARN_OBJC_LITERAL_CONVERSION = YES;
				CLANG_WARN_OBJC_ROOT_CLASS = YES_ERROR;
				CLANG_WARN_QUOTED_INCLUDE_IN_FRAMEWORK_HEADER = YES;
				CLANG_WARN_RANGE_LOOP_ANALYSIS = YES;
				CLANG_WARN_STRICT_PROTOTYPES = YES;
				CLANG_WARN_SUSPICIOUS_MOVE = YES;
				CLANG_WARN_UNGUARDED_AVAILABILITY = YES_AGGRESSIVE;
				CLANG_WARN_UNREACHABLE_CODE = YES;
				CLANG_WARN__DUPLICATE_METHOD_MATCH = YES;
				COPY_PHASE_STRIP = NO;
				DEBUG_INFORMATION_FORMAT = "dwarf-with-dsym";
				ENABLE_NS_ASSERTIONS = NO;
				ENABLE_STRICT_OBJC_MSGSEND = YES;
				GCC_C_LANGUAGE_STANDARD = gnu11;
				GCC_NO_COMMON_BLOCKS = YES;
				GCC_WARN_64_TO_32_BIT_CONVERSION = YES;
				GCC_WARN_ABOUT_RETURN_TYPE = YES_ERROR;
				GCC_WARN_UNDECLARED_SELECTOR = YES;
				GCC_WARN_UNINITIALIZED_AUTOS = YES_AGGRESSIVE;
				GCC_WARN_UNUSED_FUNCTION = YES;
				GCC_WARN_UNUSED_VARIABLE = YES;
				IPHONEOS_DEPLOYMENT_TARGET = 15.2;
				MTL_ENABLE_DEBUG_INFO = NO;
				MTL_FAST_MATH = YES;
				SDKROOT = iphoneos;
				SWIFT_COMPILATION_MODE = wholemodule;
				SWIFT_OPTIMIZATION_LEVEL = "-O";
				VALIDATE_PRODUCT = YES;
			};
			name = Release;
		};
		082C373D27D89FC00051A155 /* Debug */ = {
			isa = XCBuildConfiguration;
			buildSettings = {
				ASSETCATALOG_COMPILER_APPICON_NAME = AppIcon;
				ASSETCATALOG_COMPILER_GLOBAL_ACCENT_COLOR_NAME = AccentColor;
				CODE_SIGN_STYLE = Automatic;
				CURRENT_PROJECT_VERSION = 1;
				GENERATE_INFOPLIST_FILE = YES;
				INFOPLIST_FILE = CollectionView/Info.plist;
				INFOPLIST_KEY_UIApplicationSupportsIndirectInputEvents = YES;
				INFOPLIST_KEY_UILaunchStoryboardName = LaunchScreen;
				INFOPLIST_KEY_UIMainStoryboardFile = Main;
				INFOPLIST_KEY_UISupportedInterfaceOrientations_iPad = "UIInterfaceOrientationPortrait UIInterfaceOrientationPortraitUpsideDown UIInterfaceOrientationLandscapeLeft UIInterfaceOrientationLandscapeRight";
				INFOPLIST_KEY_UISupportedInterfaceOrientations_iPhone = "UIInterfaceOrientationPortrait UIInterfaceOrientationLandscapeLeft UIInterfaceOrientationLandscapeRight";
				LD_RUNPATH_SEARCH_PATHS = (
					"$(inherited)",
					"@executable_path/Frameworks",
				);
				MARKETING_VERSION = 1.0;
				PRODUCT_BUNDLE_IDENTIFIER = lpiem.CollectionView;
				PRODUCT_NAME = "$(TARGET_NAME)";
				SWIFT_EMIT_LOC_STRINGS = YES;
				SWIFT_VERSION = 5.0;
				TARGETED_DEVICE_FAMILY = "1,2";
			};
			name = Debug;
		};
		082C373E27D89FC00051A155 /* Release */ = {
			isa = XCBuildConfiguration;
			buildSettings = {
				ASSETCATALOG_COMPILER_APPICON_NAME = AppIcon;
				ASSETCATALOG_COMPILER_GLOBAL_ACCENT_COLOR_NAME = AccentColor;
				CODE_SIGN_STYLE = Automatic;
				CURRENT_PROJECT_VERSION = 1;
				GENERATE_INFOPLIST_FILE = YES;
				INFOPLIST_FILE = CollectionView/Info.plist;
				INFOPLIST_KEY_UIApplicationSupportsIndirectInputEvents = YES;
				INFOPLIST_KEY_UILaunchStoryboardName = LaunchScreen;
				INFOPLIST_KEY_UIMainStoryboardFile = Main;
				INFOPLIST_KEY_UISupportedInterfaceOrientations_iPad = "UIInterfaceOrientationPortrait UIInterfaceOrientationPortraitUpsideDown UIInterfaceOrientationLandscapeLeft UIInterfaceOrientationLandscapeRight";
				INFOPLIST_KEY_UISupportedInterfaceOrientations_iPhone = "UIInterfaceOrientationPortrait UIInterfaceOrientationLandscapeLeft UIInterfaceOrientationLandscapeRight";
				LD_RUNPATH_SEARCH_PATHS = (
					"$(inherited)",
					"@executable_path/Frameworks",
				);
				MARKETING_VERSION = 1.0;
				PRODUCT_BUNDLE_IDENTIFIER = lpiem.CollectionView;
				PRODUCT_NAME = "$(TARGET_NAME)";
				SWIFT_EMIT_LOC_STRINGS = YES;
				SWIFT_VERSION = 5.0;
				TARGETED_DEVICE_FAMILY = "1,2";
			};
			name = Release;
		};
/* End XCBuildConfiguration section */

/* Begin XCConfigurationList section */
		082C372327D89FBF0051A155 /* Build configuration list for PBXProject "CollectionView" */ = {
			isa = XCConfigurationList;
			buildConfigurations = (
				082C373A27D89FC00051A155 /* Debug */,
				082C373B27D89FC00051A155 /* Release */,
			);
			defaultConfigurationIsVisible = 0;
			defaultConfigurationName = Release;
		};
		082C373C27D89FC00051A155 /* Build configuration list for PBXNativeTarget "CollectionView" */ = {
			isa = XCConfigurationList;
			buildConfigurations = (
				082C373D27D89FC00051A155 /* Debug */,
				082C373E27D89FC00051A155 /* Release */,
			);
			defaultConfigurationIsVisible = 0;
			defaultConfigurationName = Release;
		};
/* End XCConfigurationList section */
	};
	rootObject = 082C372027D89FBF0051A155 /* Project object */;
}
